
Microsoft Visual Studio Solution File, Format Version 12.00
# Visual Studio 14
VisualStudioVersion = 14.0.23107.0
MinimumVisualStudioVersion = 10.0.40219.1
Project("{FAE04EC0-301F-11D3-BF4B-00C04F79EFBC}") = "Catch Camera and Video", "Catch Camera and Video\Catch Camera and Video.csproj", "{564DA896-7DAB-44AC-8A67-B025F93D01E4}"
EndProject
Global
	GlobalSection(SolutionConfigurationPlatforms) = preSolution
		Debug|Any CPU = Debug|Any CPU
		Release|Any CPU = Release|Any CPU
	EndGlobalSection
	GlobalSection(ProjectConfigurationPlatforms) = postSolution
		{564DA896-7DAB-44AC-8A67-B025F93D01E4}.Debug|Any CPU.ActiveCfg = Debug|Any CPU
		{564DA896-7DAB-44AC-8A67-B025F93D01E4}.Debug|Any CPU.Build.0 = Debug|Any CPU
		{564DA896-7DAB-44AC-8A67-B025F93D01E4}.Release|Any CPU.ActiveCfg = Release|Any CPU
		{564DA896-7DAB-44AC-8A67-B025F93D01E4}.Release|Any CPU.Build.0 = Release|Any CPU
	EndGlobalSection
	GlobalSection(SolutionProperties) = preSolution
		HideSolutionNode = FALSE
	EndGlobalSection
EndGlobal
